// !$*UTF8*$!
{
	archiveVersion = 1;
	classes = {
	};
	objectVersion = 56;
	objects = {

/* Begin PBXBuildFile section */
		5A2E3BAC299F78E9003C7966 /* SwiftUI_Redux_ExampleApp.swift in Sources */ = {isa = PBXBuildFile; fileRef = 5A2E3BAB299F78E9003C7966 /* SwiftUI_Redux_ExampleApp.swift */; };
		5A2E3BAE299F78E9003C7966 /* ContentView.swift in Sources */ = {isa = PBXBuildFile; fileRef = 5A2E3BAD299F78E9003C7966 /* ContentView.swift */; };
		5A2E3BB0299F78EA003C7966 /* Assets.xcassets in Resources */ = {isa = PBXBuildFile; fileRef = 5A2E3BAF299F78EA003C7966 /* Assets.xcassets */; };
		5A2E3BB3299F78EA003C7966 /* Preview Assets.xcassets in Resources */ = {isa = PBXBuildFile; fileRef = 5A2E3BB2299F78EA003C7966 /* Preview Assets.xcassets */; };
		5A2E3BCA29A112C5003C7966 /* AppState.swift in Sources */ = {isa = PBXBuildFile; fileRef = 5A2E3BC929A112C5003C7966 /* AppState.swift */; };
		5A2E3BCC29A112E5003C7966 /* AppAction.swift in Sources */ = {isa = PBXBuildFile; fileRef = 5A2E3BCB29A112E5003C7966 /* AppAction.swift */; };
		5A2E3BCE29A1130B003C7966 /* AppReducer.swift in Sources */ = {isa = PBXBuildFile; fileRef = 5A2E3BCD29A1130B003C7966 /* AppReducer.swift */; };
		5A2E3BD029A1134B003C7966 /* AppStore.swift in Sources */ = {isa = PBXBuildFile; fileRef = 5A2E3BCF29A1134B003C7966 /* AppStore.swift */; };
		5A2E3BD229A113F0003C7966 /* AnimalView.swift in Sources */ = {isa = PBXBuildFile; fileRef = 5A2E3BD129A113F0003C7966 /* AnimalView.swift */; };
		5A2E3BD429A1163F003C7966 /* AnimalService.swift in Sources */ = {isa = PBXBuildFile; fileRef = 5A2E3BD329A1163F003C7966 /* AnimalService.swift */; };
		5A2E3BDC29A11804003C7966 /* AnimalAction.swift in Sources */ = {isa = PBXBuildFile; fileRef = 5A2E3BDB29A11804003C7966 /* AnimalAction.swift */; };
		5A2E3BDE29A1181E003C7966 /* AnimalReducer.swift in Sources */ = {isa = PBXBuildFile; fileRef = 5A2E3BDD29A1181E003C7966 /* AnimalReducer.swift */; };
		5A2E3BE029A11849003C7966 /* AnimalMiddleware.swift in Sources */ = {isa = PBXBuildFile; fileRef = 5A2E3BDF29A11849003C7966 /* AnimalMiddleware.swift */; };
/* End PBXBuildFile section */

/* Begin PBXFileReference section */
		5A2E3BA8299F78E9003C7966 /* SwiftUI_Redux_Example.app */ = {isa = PBXFileReference; explicitFileType = wrapper.application; includeInIndex = 0; path = SwiftUI_Redux_Example.app; sourceTree = BUILT_PRODUCTS_DIR; };
		5A2E3BAB299F78E9003C7966 /* SwiftUI_Redux_ExampleApp.swift */ = {isa = PBXFileReference; lastKnownFileType = sourcecode.swift; path = SwiftUI_Redux_ExampleApp.swift; sourceTree = "<group>"; };
		5A2E3BAD299F78E9003C7966 /* ContentView.swift */ = {isa = PBXFileReference; lastKnownFileType = sourcecode.swift; path = ContentView.swift; sourceTree = "<group>"; };
		5A2E3BAF299F78EA003C7966 /* Assets.xcassets */ = {isa = PBXFileReference; lastKnownFileType = folder.assetcatalog; path = Assets.xcassets; sourceTree = "<group>"; };
		5A2E3BB2299F78EA003C7966 /* Preview Assets.xcassets */ = {isa = PBXFileReference; lastKnownFileType = folder.assetcatalog; path = "Preview Assets.xcassets"; sourceTree = "<group>"; };
		5A2E3BC929A112C5003C7966 /* AppState.swift */ = {isa = PBXFileReference; lastKnownFileType = sourcecode.swift; path = AppState.swift; sourceTree = "<group>"; };
		5A2E3BCB29A112E5003C7966 /* AppAction.swift */ = {isa = PBXFileReference; lastKnownFileType = sourcecode.swift; path = AppAction.swift; sourceTree = "<group>"; };
		5A2E3BCD29A1130B003C7966 /* AppReducer.swift */ = {isa = PBXFileReference; lastKnownFileType = sourcecode.swift; path = AppReducer.swift; sourceTree = "<group>"; };
		5A2E3BCF29A1134B003C7966 /* AppStore.swift */ = {isa = PBXFileReference; lastKnownFileType = sourcecode.swift; path = AppStore.swift; sourceTree = "<group>"; };
		5A2E3BD129A113F0003C7966 /* AnimalView.swift */ = {isa = PBXFileReference; lastKnownFileType = sourcecode.swift; path = AnimalView.swift; sourceTree = "<group>"; };
		5A2E3BD329A1163F003C7966 /* AnimalService.swift */ = {isa = PBXFileReference; lastKnownFileType = sourcecode.swift; path = AnimalService.swift; sourceTree = "<group>"; };
		5A2E3BDB29A11804003C7966 /* AnimalAction.swift */ = {isa = PBXFileReference; lastKnownFileType = sourcecode.swift; path = AnimalAction.swift; sourceTree = "<group>"; };
		5A2E3BDD29A1181E003C7966 /* AnimalReducer.swift */ = {isa = PBXFileReference; lastKnownFileType = sourcecode.swift; path = AnimalReducer.swift; sourceTree = "<group>"; };
		5A2E3BDF29A11849003C7966 /* AnimalMiddleware.swift */ = {isa = PBXFileReference; lastKnownFileType = sourcecode.swift; path = AnimalMiddleware.swift; sourceTree = "<group>"; };
/* End PBXFileReference section */

/* Begin PBXFrameworksBuildPhase section */
		5A2E3BA5299F78E9003C7966 /* Frameworks */ = {
			isa = PBXFrameworksBuildPhase;
			buildActionMask = 2147483647;
			files = (
			);
			runOnlyForDeploymentPostprocessing = 0;
		};
/* End PBXFrameworksBuildPhase section */

/* Begin PBXGroup section */
		5A2E3B9F299F78E9003C7966 = {
			isa = PBXGroup;
			children = (
				5A2E3BAA299F78E9003C7966 /* SwiftUI_Redux_Example */,
				5A2E3BA9299F78E9003C7966 /* Products */,
			);
			sourceTree = "<group>";
		};
		5A2E3BA9299F78E9003C7966 /* Products */ = {
			isa = PBXGroup;
			children = (
				5A2E3BA8299F78E9003C7966 /* SwiftUI_Redux_Example.app */,
			);
			name = Products;
			sourceTree = "<group>";
		};
		5A2E3BAA299F78E9003C7966 /* SwiftUI_Redux_Example */ = {
			isa = PBXGroup;
			children = (
				5A2E3BAB299F78E9003C7966 /* SwiftUI_Redux_ExampleApp.swift */,
				5A2E3BD529A11792003C7966 /* Middleware */,
				5A2E3BD629A1179C003C7966 /* Services */,
				5A2E3BD729A117A6003C7966 /* App */,
				5A2E3BD829A117AD003C7966 /* Actions */,
				5A2E3BD929A117B4003C7966 /* Reducers */,
				5A2E3BBF299F7F32003C7966 /* View */,
				5A2E3BAF299F78EA003C7966 /* Assets.xcassets */,
				5A2E3BB1299F78EA003C7966 /* Preview Content */,
			);
			path = SwiftUI_Redux_Example;
			sourceTree = "<group>";
		};
		5A2E3BB1299F78EA003C7966 /* Preview Content */ = {
			isa = PBXGroup;
			children = (
				5A2E3BB2299F78EA003C7966 /* Preview Assets.xcassets */,
			);
			path = "Preview Content";
			sourceTree = "<group>";
		};
		5A2E3BBF299F7F32003C7966 /* View */ = {
			isa = PBXGroup;
			children = (
				5A2E3BAD299F78E9003C7966 /* ContentView.swift */,
				5A2E3BD129A113F0003C7966 /* AnimalView.swift */,
			);
			path = View;
			sourceTree = "<group>";
		};
		5A2E3BD529A11792003C7966 /* Middleware */ = {
			isa = PBXGroup;
			children = (
				5A2E3BDF29A11849003C7966 /* AnimalMiddleware.swift */,
			);
			path = Middleware;
			sourceTree = "<group>";
		};
		5A2E3BD629A1179C003C7966 /* Services */ = {
			isa = PBXGroup;
			children = (
				5A2E3BD329A1163F003C7966 /* AnimalService.swift */,
			);
			path = Services;
			sourceTree = "<group>";
		};
		5A2E3BD729A117A6003C7966 /* App */ = {
			isa = PBXGroup;
			children = (
				5A2E3BC929A112C5003C7966 /* AppState.swift */,
				5A2E3BCF29A1134B003C7966 /* AppStore.swift */,
			);
			path = App;
			sourceTree = "<group>";
		};
		5A2E3BD829A117AD003C7966 /* Actions */ = {
			isa = PBXGroup;
			children = (
				5A2E3BCB29A112E5003C7966 /* AppAction.swift */,
				5A2E3BDB29A11804003C7966 /* AnimalAction.swift */,
			);
			path = Actions;
			sourceTree = "<group>";
		};
		5A2E3BD929A117B4003C7966 /* Reducers */ = {
			isa = PBXGroup;
			children = (
				5A2E3BCD29A1130B003C7966 /* AppReducer.swift */,
				5A2E3BDD29A1181E003C7966 /* AnimalReducer.swift */,
			);
			path = Reducers;
			sourceTree = "<group>";
		};
/* End PBXGroup section */

/* Begin PBXNativeTarget section */
		5A2E3BA7299F78E9003C7966 /* SwiftUI_Redux_Example */ = {
			isa = PBXNativeTarget;
			buildConfigurationList = 5A2E3BB6299F78EA003C7966 /* Build configuration list for PBXNativeTarget "SwiftUI_Redux_Example" */;
			buildPhases = (
				5A2E3BA4299F78E9003C7966 /* Sources */,
				5A2E3BA5299F78E9003C7966 /* Frameworks */,
				5A2E3BA6299F78E9003C7966 /* Resources */,
			);
			buildRules = (
			);
			dependencies = (
			);
			name = SwiftUI_Redux_Example;
			productName = SwiftUI_Redux_Example;
			productReference = 5A2E3BA8299F78E9003C7966 /* SwiftUI_Redux_Example.app */;
			productType = "com.apple.product-type.application";
		};
/* End PBXNativeTarget section */

/* Begin PBXProject section */
		5A2E3BA0299F78E9003C7966 /* Project object */ = {
			isa = PBXProject;
			attributes = {
				BuildIndependentTargetsInParallel = 1;
				LastSwiftUpdateCheck = 1420;
				LastUpgradeCheck = 1420;
				TargetAttributes = {
					5A2E3BA7299F78E9003C7966 = {
						CreatedOnToolsVersion = 14.2;
					};
				};
			};
			buildConfigurationList = 5A2E3BA3299F78E9003C7966 /* Build configuration list for PBXProject "SwiftUI_Redux_Example" */;
			compatibilityVersion = "Xcode 14.0";
			developmentRegion = en;
			hasScannedForEncodings = 0;
			knownRegions = (
				en,
				Base,
			);
			mainGroup = 5A2E3B9F299F78E9003C7966;
			productRefGroup = 5A2E3BA9299F78E9003C7966 /* Products */;
			projectDirPath = "";
			projectRoot = "";
			targets = (
				5A2E3BA7299F78E9003C7966 /* SwiftUI_Redux_Example */,
			);
		};
/* End PBXProject section */

/* Begin PBXResourcesBuildPhase section */
		5A2E3BA6299F78E9003C7966 /* Resources */ = {
			isa = PBXResourcesBuildPhase;
			buildActionMask = 2147483647;
			files = (
				5A2E3BB3299F78EA003C7966 /* Preview Assets.xcassets in Resources */,
				5A2E3BB0299F78EA003C7966 /* Assets.xcassets in Resources */,
			);
			runOnlyForDeploymentPostprocessing = 0;
		};
/* End PBXResourcesBuildPhase section */

/* Begin PBXSourcesBuildPhase section */
		5A2E3BA4299F78E9003C7966 /* Sources */ = {
			isa = PBXSourcesBuildPhase;
			buildActionMask = 2147483647;
			files = (
				5A2E3BCA29A112C5003C7966 /* AppState.swift in Sources */,
				5A2E3BD429A1163F003C7966 /* AnimalService.swift in Sources */,
				5A2E3BCC29A112E5003C7966 /* AppAction.swift in Sources */,
				5A2E3BAE299F78E9003C7966 /* ContentView.swift in Sources */,
				5A2E3BDC29A11804003C7966 /* AnimalAction.swift in Sources */,
				5A2E3BD029A1134B003C7966 /* AppStore.swift in Sources */,
				5A2E3BDE29A1181E003C7966 /* AnimalReducer.swift in Sources */,
				5A2E3BD229A113F0003C7966 /* AnimalView.swift in Sources */,
				5A2E3BE029A11849003C7966 /* AnimalMiddleware.swift in Sources */,
				5A2E3BCE29A1130B003C7966 /* AppReducer.swift in Sources */,
				5A2E3BAC299F78E9003C7966 /* SwiftUI_Redux_ExampleApp.swift in Sources */,
			);
			runOnlyForDeploymentPostprocessing = 0;
		};
/* End PBXSourcesBuildPhase section */

/* Begin XCBuildConfiguration section */
		5A2E3BB4299F78EA003C7966 /* Debug */ = {
			isa = XCBuildConfiguration;
			buildSettings = {
				ALWAYS_SEARCH_USER_PATHS = NO;
				CLANG_ANALYZER_NONNULL = YES;
				CLANG_ANALYZER_NUMBER_OBJECT_CONVERSION = YES_AGGRESSIVE;
				CLANG_CXX_LANGUAGE_STANDARD = "gnu++20";
				CLANG_ENABLE_MODULES = YES;
				CLANG_ENABLE_OBJC_ARC = YES;
				CLANG_ENABLE_OBJC_WEAK = YES;
				CLANG_WARN_BLOCK_CAPTURE_AUTORELEASING = YES;
				CLANG_WARN_BOOL_CONVERSION = YES;
				CLANG_WARN_COMMA = YES;
				CLANG_WARN_CONSTANT_CONVERSION = YES;
				CLANG_WARN_DEPRECATED_OBJC_IMPLEMENTATIONS = YES;
				CLANG_WARN_DIRECT_OBJC_ISA_USAGE = YES_ERROR;
				CLANG_WARN_DOCUMENTATION_COMMENTS = YES;
				CLANG_WARN_EMPTY_BODY = YES;
				CLANG_WARN_ENUM_CONVERSION = YES;
				CLANG_WARN_INFINITE_RECURSION = YES;
				CLANG_WARN_INT_CONVERSION = YES;
				CLANG_WARN_NON_LITERAL_NULL_CONVERSION = YES;
				CLANG_WARN_OBJC_IMPLICIT_RETAIN_SELF = YES;
				CLANG_WARN_OBJC_LITERAL_CONVERSION = YES;
				CLANG_WARN_OBJC_ROOT_CLASS = YES_ERROR;
				CLANG_WARN_QUOTED_INCLUDE_IN_FRAMEWORK_HEADER = YES;
				CLANG_WARN_RANGE_LOOP_ANALYSIS = YES;
				CLANG_WARN_STRICT_PROTOTYPES = YES;
				CLANG_WARN_SUSPICIOUS_MOVE = YES;
				CLANG_WARN_UNGUARDED_AVAILABILITY = YES_AGGRESSIVE;
				CLANG_WARN_UNREACHABLE_CODE = YES;
				CLANG_WARN__DUPLICATE_METHOD_MATCH = YES;
				COPY_PHASE_STRIP = NO;
				DEBUG_INFORMATION_FORMAT = dwarf;
				ENABLE_STRICT_OBJC_MSGSEND = YES;
				ENABLE_TESTABILITY = YES;
				GCC_C_LANGUAGE_STANDARD = gnu11;
				GCC_DYNAMIC_NO_PIC = NO;
				GCC_NO_COMMON_BLOCKS = YES;
				GCC_OPTIMIZATION_LEVEL = 0;
				GCC_PREPROCESSOR_DEFINITIONS = (
					"DEBUG=1",
					"$(inherited)",
				);
				GCC_WARN_64_TO_32_BIT_CONVERSION = YES;
				GCC_WARN_ABOUT_RETURN_TYPE = YES_ERROR;
				GCC_WARN_UNDECLARED_SELECTOR = YES;
				GCC_WARN_UNINITIALIZED_AUTOS = YES_AGGRESSIVE;
				GCC_WARN_UNUSED_FUNCTION = YES;
				GCC_WARN_UNUSED_VARIABLE = YES;
				IPHONEOS_DEPLOYMENT_TARGET = 16.2;
				MTL_ENABLE_DEBUG_INFO = INCLUDE_SOURCE;
				MTL_FAST_MATH = YES;
				ONLY_ACTIVE_ARCH = YES;
				SDKROOT = iphoneos;
				SWIFT_ACTIVE_COMPILATION_CONDITIONS = DEBUG;
				SWIFT_OPTIMIZATION_LEVEL = "-Onone";
			};
			name = Debug;
		};
		5A2E3BB5299F78EA003C7966 /* Release */ = {
			isa = XCBuildConfiguration;
			buildSettings = {
				ALWAYS_SEARCH_USER_PATHS = NO;
				CLANG_ANALYZER_NONNULL = YES;
				CLANG_ANALYZER_NUMBER_OBJECT_CONVERSION = YES_AGGRESSIVE;
				CLANG_CXX_LANGUAGE_STANDARD = "gnu++20";
				CLANG_ENABLE_MODULES = YES;
				CLANG_ENABLE_OBJC_ARC = YES;
				CLANG_ENABLE_OBJC_WEAK = YES;
				CLANG_WARN_BLOCK_CAPTURE_AUTORELEASING = YES;
				CLANG_WARN_BOOL_CONVERSION = YES;
				CLANG_WARN_COMMA = YES;
				CLANG_WARN_CONSTANT_CONVERSION = YES;
				CLANG_WARN_DEPRECATED_OBJC_IMPLEMENTATIONS = YES;
				CLANG_WARN_DIRECT_OBJC_ISA_USAGE = YES_ERROR;
				CLANG_WARN_DOCUMENTATION_COMMENTS = YES;
				CLANG_WARN_EMPTY_BODY = YES;
				CLANG_WARN_ENUM_CONVERSION = YES;
				CLANG_WARN_INFINITE_RECURSION = YES;
				CLANG_WARN_INT_CONVERSION = YES;
				CLANG_WARN_NON_LITERAL_NULL_CONVERSION = YES;
				CLANG_WARN_OBJC_IMPLICIT_RETAIN_SELF = YES;
				CLANG_WARN_OBJC_LITERAL_CONVERSION = YES;
				CLANG_WARN_OBJC_ROOT_CLASS = YES_ERROR;
				CLANG_WARN_QUOTED_INCLUDE_IN_FRAMEWORK_HEADER = YES;
				CLANG_WARN_RANGE_LOOP_ANALYSIS = YES;
				CLANG_WARN_STRICT_PROTOTYPES = YES;
				CLANG_WARN_SUSPICIOUS_MOVE = YES;
				CLANG_WARN_UNGUARDED_AVAILABILITY = YES_AGGRESSIVE;
				CLANG_WARN_UNREACHABLE_CODE = YES;
				CLANG_WARN__DUPLICATE_METHOD_MATCH = YES;
				COPY_PHASE_STRIP = NO;
				DEBUG_INFORMATION_FORMAT = "dwarf-with-dsym";
				ENABLE_NS_ASSERTIONS = NO;
				ENABLE_STRICT_OBJC_MSGSEND = YES;
				GCC_C_LANGUAGE_STANDARD = gnu11;
				GCC_NO_COMMON_BLOCKS = YES;
				GCC_WARN_64_TO_32_BIT_CONVERSION = YES;
				GCC_WARN_ABOUT_RETURN_TYPE = YES_ERROR;
				GCC_WARN_UNDECLARED_SELECTOR = YES;
				GCC_WARN_UNINITIALIZED_AUTOS = YES_AGGRESSIVE;
				GCC_WARN_UNUSED_FUNCTION = YES;
				GCC_WARN_UNUSED_VARIABLE = YES;
				IPHONEOS_DEPLOYMENT_TARGET = 16.2;
				MTL_ENABLE_DEBUG_INFO = NO;
				MTL_FAST_MATH = YES;
				SDKROOT = iphoneos;
				SWIFT_COMPILATION_MODE = wholemodule;
				SWIFT_OPTIMIZATION_LEVEL = "-O";
				VALIDATE_PRODUCT = YES;
			};
			name = Release;
		};
		5A2E3BB7299F78EA003C7966 /* Debug */ = {
			isa = XCBuildConfiguration;
			buildSettings = {
				ASSETCATALOG_COMPILER_APPICON_NAME = AppIcon;
				ASSETCATALOG_COMPILER_GLOBAL_ACCENT_COLOR_NAME = AccentColor;
				CODE_SIGN_STYLE = Automatic;
				CURRENT_PROJECT_VERSION = 1;
				DEVELOPMENT_ASSET_PATHS = "\"SwiftUI_Redux_Example/Preview Content\"";
				DEVELOPMENT_TEAM = 56M5N9M2PX;
				ENABLE_PREVIEWS = YES;
				GENERATE_INFOPLIST_FILE = YES;
				INFOPLIST_KEY_UIApplicationSceneManifest_Generation = YES;
				INFOPLIST_KEY_UIApplicationSupportsIndirectInputEvents = YES;
				INFOPLIST_KEY_UILaunchScreen_Generation = YES;
				INFOPLIST_KEY_UISupportedInterfaceOrientations_iPad = "UIInterfaceOrientationPortrait UIInterfaceOrientationPortraitUpsideDown UIInterfaceOrientationLandscapeLeft UIInterfaceOrientationLandscapeRight";
				INFOPLIST_KEY_UISupportedInterfaceOrientations_iPhone = "UIInterfaceOrientationPortrait UIInterfaceOrientationLandscapeLeft UIInterfaceOrientationLandscapeRight";
				LD_RUNPATH_SEARCH_PATHS = (
					"$(inherited)",
					"@executable_path/Frameworks",
				);
				MARKETING_VERSION = 1.0;
				PRODUCT_BUNDLE_IDENTIFIER = "dudu.SwiftUI-Redux-Example";
				PRODUCT_NAME = "$(TARGET_NAME)";
				SWIFT_EMIT_LOC_STRINGS = YES;
				SWIFT_VERSION = 5.0;
				TARGETED_DEVICE_FAMILY = "1,2";
			};
			name = Debug;
		};
		5A2E3BB8299F78EA003C7966 /* Release */ = {
			isa = XCBuildConfiguration;
			buildSettings = {
				ASSETCATALOG_COMPILER_APPICON_NAME = AppIcon;
				ASSETCATALOG_COMPILER_GLOBAL_ACCENT_COLOR_NAME = AccentColor;
				CODE_SIGN_STYLE = Automatic;
				CURRENT_PROJECT_VERSION = 1;
				DEVELOPMENT_ASSET_PATHS = "\"SwiftUI_Redux_Example/Preview Content\"";
				DEVELOPMENT_TEAM = 56M5N9M2PX;
				ENABLE_PREVIEWS = YES;
				GENERATE_INFOPLIST_FILE = YES;
				INFOPLIST_KEY_UIApplicationSceneManifest_Generation = YES;
				INFOPLIST_KEY_UIApplicationSupportsIndirectInputEvents = YES;
				INFOPLIST_KEY_UILaunchScreen_Generation = YES;
				INFOPLIST_KEY_UISupportedInterfaceOrientations_iPad = "UIInterfaceOrientationPortrait UIInterfaceOrientationPortraitUpsideDown UIInterfaceOrientationLandscapeLeft UIInterfaceOrientationLandscapeRight";
				INFOPLIST_KEY_UISupportedInterfaceOrientations_iPhone = "UIInterfaceOrientationPortrait UIInterfaceOrientationLandscapeLeft UIInterfaceOrientationLandscapeRight";
				LD_RUNPATH_SEARCH_PATHS = (
					"$(inherited)",
					"@executable_path/Frameworks",
				);
				MARKETING_VERSION = 1.0;
				PRODUCT_BUNDLE_IDENTIFIER = "dudu.SwiftUI-Redux-Example";
				PRODUCT_NAME = "$(TARGET_NAME)";
				SWIFT_EMIT_LOC_STRINGS = YES;
				SWIFT_VERSION = 5.0;
				TARGETED_DEVICE_FAMILY = "1,2";
			};
			name = Release;
		};
/* End XCBuildConfiguration section */

/* Begin XCConfigurationList section */
		5A2E3BA3299F78E9003C7966 /* Build configuration list for PBXProject "SwiftUI_Redux_Example" */ = {
			isa = XCConfigurationList;
			buildConfigurations = (
				5A2E3BB4299F78EA003C7966 /* Debug */,
				5A2E3BB5299F78EA003C7966 /* Release */,
			);
			defaultConfigurationIsVisible = 0;
			defaultConfigurationName = Release;
		};
		5A2E3BB6299F78EA003C7966 /* Build configuration list for PBXNativeTarget "SwiftUI_Redux_Example" */ = {
			isa = XCConfigurationList;
			buildConfigurations = (
				5A2E3BB7299F78EA003C7966 /* Debug */,
				5A2E3BB8299F78EA003C7966 /* Release */,
			);
			defaultConfigurationIsVisible = 0;
			defaultConfigurationName = Release;
		};
/* End XCConfigurationList section */
	};
	rootObject = 5A2E3BA0299F78E9003C7966 /* Project object */;
}
